
Microsoft Visual Studio Solution File, Format Version 11.00
# Visual C++ Express 2010
Project("{8BC9CEB8-8B4A-11D0-8D11-00A0C91BC942}") = "enumdisplaydevices_console_app", "enumdisplaydevices_console_app\enumdisplaydevices_console_app.vcxproj", "{DE1FD77C-E037-431B-B3EF-1727DBE61807}"
EndProject
Global
	GlobalSection(SolutionConfigurationPlatforms) = preSolution
		Debug|Win32 = Debug|Win32
		Release|Win32 = Release|Win32
	EndGlobalSection
	GlobalSection(ProjectConfigurationPlatforms) = postSolution
		{DE1FD77C-E037-431B-B3EF-1727DBE61807}.Debug|Win32.ActiveCfg = Debug|Win32
		{DE1FD77C-E037-431B-B3EF-1727DBE61807}.Debug|Win32.Build.0 = Debug|Win32
		{DE1FD77C-E037-431B-B3EF-1727DBE61807}.Release|Win32.ActiveCfg = Release|Win32
		{DE1FD77C-E037-431B-B3EF-1727DBE61807}.Release|Win32.Build.0 = Release|Win32
	EndGlobalSection
	GlobalSection(SolutionProperties) = preSolution
		HideSolutionNode = FALSE
	EndGlobalSection
EndGlobal
